
Microsoft Visual Studio Solution File, Format Version 12.00
# Visual Studio Version 16
VisualStudioVersion = 16.0.31112.23
MinimumVisualStudioVersion = 10.0.40219.1
Project("{FAE04EC0-301F-11D3-BF4B-00C04F79EFBC}") = "Formal_Specification", "Formal_Specification\Formal_Specification.csproj", "{2A38C592-C051-464A-B36A-0C29D2FD4865}"
EndProject
Global
	GlobalSection(SolutionConfigurationPlatforms) = preSolution
		Debug|Any CPU = Debug|Any CPU
		Release|Any CPU = Release|Any CPU
	EndGlobalSection
	GlobalSection(ProjectConfigurationPlatforms) = postSolution
		{2A38C592-C051-464A-B36A-0C29D2FD4865}.Debug|Any CPU.ActiveCfg = Debug|Any CPU
		{2A38C592-C051-464A-B36A-0C29D2FD4865}.Debug|Any CPU.Build.0 = Debug|Any CPU
		{2A38C592-C051-464A-B36A-0C29D2FD4865}.Release|Any CPU.ActiveCfg = Release|Any CPU
		{2A38C592-C051-464A-B36A-0C29D2FD4865}.Release|Any CPU.Build.0 = Release|Any CPU
	EndGlobalSection
	GlobalSection(SolutionProperties) = preSolution
		HideSolutionNode = FALSE
	EndGlobalSection
	GlobalSection(ExtensibilityGlobals) = postSolution
		SolutionGuid = {38EFEC0C-97CA-4C9F-BE76-C189A7B5E9F1}
	EndGlobalSection
EndGlobal
